github.com/hculea/option-1 v0.0.0-20231030094930-cf00487b0d5c h1:LF2A5r1q+8ztEukETCZ9ejy8B19YoWaoYowB+vs14jQ=
github.com/hculea/option-1 v0.0.0-20231030094930-cf00487b0d5c/go.mod h1:LIhlse5REoB7y5b35pLxuR7LOgrtH9gvhijHhESZO94=
github.com/hculea/option-2 v0.0.0-20231030100438-1139d2ed50e3 h1:id6oeEKnx5xNRrzIqIjFzx+0AXdtNxXkAmqQZ7ZvqoY=
github.com/hculea/option-2 v0.0.0-20231030100438-1139d2ed50e3/go.mod h1:AVPHzIod746kmf9ElQICly3txb+hQ4DaFFEVwfMlyQM=
github.com/hculea/optionsRepo v0.0.0-20231030100848-3c513d51728e h1:dVVffmoWH9bI5KCJAlB0jISob8nLi3i8XFaY7pZ7CqU=
github.com/hculea/optionsRepo v0.0.0-20231030100848-3c513d51728e/go.mod h1:87EVrSacHzx4rrNLcAjRXaGj3o8DRlu7/3cLoW4fIxE=
